{
  "name": "@ostro/filesystem",
  "version": "1.0.4",
  "lockfileVersion": 3,
  "requires": true,
  "packages": {
    "": {
      "name": "@ostro/filesystem",
      "version": "1.0.4",
      "license": "MIT",
      "dependencies": {
        "@ostro/contracts": "^1.0.2",
        "@ostro/support": "^1.0.11",
        "filehound": "^1.17.4",
        "fs-extra": "^10.0.0",
        "lodash.get": "^4.4.2",
        "uuid": "^8.3.2"
      },
      "engines": {
        "node": ">=12.0.0"
      }
    },
    "node_modules/@ostro/contracts": {
      "version": "1.1.4",
      "resolved": "https://registry.npmjs.org/@ostro/contracts/-/contracts-1.1.4.tgz",
      "integrity": "sha512-cvXu2F2uaGH6g7jpgy2m0enAZfTrmIMBqVHHGzD0kUVx0gr5vK+/KYCMWnKakE71dSifI7CINVm6nqFmxuUinw==",
      "license": "MIT",
      "engines": {
        "node": ">=12.0.0"
      }
    },
    "node_modules/@ostro/support": {
      "version": "1.3.0",
      "resolved": "https://registry.npmjs.org/@ostro/support/-/support-1.3.0.tgz",
      "integrity": "sha512-wwkUqNuOIO5Vnl1hlrId9LxdMFNYm2rFUVsV66/i/mPaZjeV1hKrS/da/hnmVlnF2wYda1pqnArimoSp2bvVIQ==",
      "license": "MIT",
      "dependencies": {
        "@ostro/contracts": "^1.0.2",
        "fs-extra": "^10.0.0",
        "lodash": "^4.17.21",
        "luxon": "^2.0.2"
      },
      "engines": {
        "node": ">=12.0.0"
      }
    },
    "node_modules/balanced-match": {
      "version": "1.0.2",
      "resolved": "https://registry.npmjs.org/balanced-match/-/balanced-match-1.0.2.tgz",
      "integrity": "sha512-3oSeUO0TMV67hN1AmbXsK4yaqU7tjiHlbxRDZOpH0KW9+CeX4bRAaX0Anxt0tx2MrpRpWwQaPwIlISEJhYU5Pw==",
      "license": "MIT"
    },
    "node_modules/bluebird": {
      "version": "3.7.2",
      "resolved": "https://registry.npmjs.org/bluebird/-/bluebird-3.7.2.tgz",
      "integrity": "sha512-XpNj6GDQzdfW+r2Wnn7xiSAd7TM3jzkxGXBGTtWKuSXv1xUV+azxAm8jdWZN06QTQk+2N2XB9jRDkvbmQmcRtg==",
      "license": "MIT"
    },
    "node_modules/brace-expansion": {
      "version": "2.1.4",
      "resolved": "https://registry.npmjs.org/brace-expansion/-/brace-expansion-2.1.4.tgz",
      "integrity": "sha512-hGfVzPxthbf3+2yjg/RBs60cB0FhqBS/zvdV/4wn4/BmN0bNMMHPc4V/BbFieqf1TKAGGAHnY4eSjajCl0f2Xg==",
      "license": "MIT",
      "dependencies": {
        "balanced-match": "^1.0.0"
      }
    },
    "node_modules/concat-map": {
      "version": "0.0.1",
      "resolved": "https://registry.npmjs.org/concat-map/-/concat-map-0.0.1.tgz",
      "integrity": "sha512-/Srv4dswyQNBfohGpz9o6Yb3Gz3SrUDqBH5rTuhGR7ahtlbYKnVxw2bCFMRljaA7EXHaXZ8wsHdodFvbkhKmqg==",
      "license": "MIT"
    },
    "node_modules/err-code": {
      "version": "1.1.2",
      "resolved": "https://registry.npmjs.org/err-code/-/err-code-1.1.2.tgz",
      "integrity": "sha512-CJAN+O0/yA1CKfRn9SXOGctSpEM7DCon/r/5r2eXFMY2zCCJBasFhcM5I+1kh3Ap11FsQCX+vGHceNPvpWKhoA==",
      "license": "MIT"
    },
    "node_modules/extend": {
      "version": "3.0.2",
      "resolved": "https://registry.npmjs.org/extend/-/extend-3.0.2.tgz",
      "integrity": "sha512-fjquC59cD7CyW6urNXK0FBufkZcoiGG80wTuPujX590cB5Ttln20E2UB4S/WARVqhXffZl2LNgS+gQdPIIim/g==",
      "license": "MIT"
    },
    "node_modules/file-js": {
      "version": "0.3.0",
      "resolved": "https://registry.npmjs.org/file-js/-/file-js-0.3.0.tgz",
      "integrity": "sha512-nZlX1pxpV6Mt8BghM3Z150bpsCT1zqil97UryusstZLSs9caYAe0Wph2UKPC3awfM2Dq4ri1Sv99KuK4EIImlA==",
      "license": "MIT",
      "dependencies": {
        "bluebird": "^3.4.7",
        "minimatch": "^3.0.3",
        "proper-lockfile": "^1.2.0"
      }
    },
    "node_modules/file-js/node_modules/brace-expansion": {
      "version": "1.1.18",
      "resolved": "https://registry.npmjs.org/brace-expansion/-/brace-expansion-1.1.18.tgz",
      "integrity": "sha512-Edep/X9fGqVNmzKBVsDYIOtD+z1tuezV70LBjdCst9Tqu76lsnvRiZ6oTic1n+/BIwX6QDGAO94PN4N2SADvtw==",
      "license": "MIT",
      "dependencies": {
        "balanced-match": "^1.0.0",
        "concat-map": "0.0.1"
      }
    },
    "node_modules/file-js/node_modules/minimatch": {
      "version": "3.1.5",
      "resolved": "https://registry.npmjs.org/minimatch/-/minimatch-3.1.5.tgz",
      "integrity": "sha512-VgjWUsnnT6n+NUk6eZq77zeFdpW2LWDzP6zFGrCbHXiYNul5Dzqk2HHQ5uFH2DNW5Xbp8+jVzaeNt94ssEEl4w==",
      "license": "ISC",
      "dependencies": {
        "brace-expansion": "^1.1.7"
      },
      "engines": {
        "node": "*"
      }
    },
    "node_modules/filehound": {
      "version": "1.17.6",
      "resolved": "https://registry.npmjs.org/filehound/-/filehound-1.17.6.tgz",
      "integrity": "sha512-5q4zjFkI8W2zLmvbvyvI//K882IpEj6sMNXPUQlk5H6W4Wh3OSSylEAIEmMLELP9G7ileYjTKPXOn0YzzS55Lg==",
      "license": "MIT",
      "dependencies": {
        "bluebird": "^3.7.2",
        "file-js": "0.3.0",
        "lodash": "^4.17.21",
        "minimatch": "^5.0.0",
        "moment": "^2.29.1",
        "unit-compare": "^1.0.1"
      }
    },
    "node_modules/fs-extra": {
      "version": "10.1.0",
      "resolved": "https://registry.npmjs.org/fs-extra/-/fs-extra-10.1.0.tgz",
      "integrity": "sha512-oRXApq54ETRj4eMiFzGnHWGy+zo5raudjuxN0b8H7s/RU2oW0Wvsx9O0ACRN/kRq9E8Vu/ReskGB5o3ji+FzHQ==",
      "license": "MIT",
      "dependencies": {
        "graceful-fs": "^4.2.0",
        "jsonfile": "^6.0.1",
        "universalify": "^2.0.0"
      },
      "engines": {
        "node": ">=12"
      }
    },
    "node_modules/graceful-fs": {
      "version": "4.2.11",
      "resolved": "https://registry.npmjs.org/graceful-fs/-/graceful-fs-4.2.11.tgz",
      "integrity": "sha512-RbJ5/jmFcNNCcDV5o9eTnBLJ/HszWV0P73bc+Ff4nS/rJj+YaS6IGyiOL0VoBYX+l1Wrl3k63h/KrH+nhJ0XvQ==",
      "license": "ISC"
    },
    "node_modules/jsonfile": {
      "version": "6.2.1",
      "resolved": "https://registry.npmjs.org/jsonfile/-/jsonfile-6.2.1.tgz",
      "integrity": "sha512-zwOTdL3rFQ/lRdBnntKVOX6k5cKJwEc1HdilT71BWEu7J41gXIB2MRp+vxduPSwZJPWBxEzv4yH1wYLJGUHX4Q==",
      "license": "MIT",
      "dependencies": {
        "universalify": "^2.0.0"
      },
      "optionalDependencies": {
        "graceful-fs": "^4.1.6"
      }
    },
    "node_modules/lodash": {
      "version": "4.18.1",
      "resolved": "https://registry.npmjs.org/lodash/-/lodash-4.18.1.tgz",
      "integrity": "sha512-dMInicTPVE8d1e5otfwmmjlxkZoUpiVLwyeTdUsi/Caj/gfzzblBcCE5sRHV/AsjuCmxWrte2TNGSYuCeCq+0Q==",
      "license": "MIT"
    },
    "node_modules/lodash.get": {
      "version": "4.4.2",
      "resolved": "https://registry.npmjs.org/lodash.get/-/lodash.get-4.4.2.tgz",
      "integrity": "sha512-z+Uw/vLuy6gQe8cfaFWD7p0wVv8fJl3mbzXh33RS+0oW2wvUqiRXiQ69gLWSLpgB5/6sU+r6BlQR0MBILadqTQ==",
      "deprecated": "This package is deprecated. Use the optional chaining (?.) operator instead.",
      "license": "MIT"
    },
    "node_modules/luxon": {
      "version": "2.5.2",
      "resolved": "https://registry.npmjs.org/luxon/-/luxon-2.5.2.tgz",
      "integrity": "sha512-Yg7/RDp4nedqmLgyH0LwgGRvMEKVzKbUdkBYyCosbHgJ+kaOUx0qzSiSatVc3DFygnirTPYnMM2P5dg2uH1WvA==",
      "license": "MIT",
      "engines": {
        "node": ">=12"
      }
    },
    "node_modules/minimatch": {
      "version": "5.1.9",
      "resolved": "https://registry.npmjs.org/minimatch/-/minimatch-5.1.9.tgz",
      "integrity": "sha512-7o1wEA2RyMP7Iu7GNba9vc0RWWGACJOCZBJX2GJWip0ikV+wcOsgVuY9uE8CPiyQhkGFSlhuSkZPavN7u1c2Fw==",
      "license": "ISC",
      "dependencies": {
        "brace-expansion": "^2.0.1"
      },
      "engines": {
        "node": ">=10"
      }
    },
    "node_modules/moment": {
      "version": "2.30.1",
      "resolved": "https://registry.npmjs.org/moment/-/moment-2.30.1.tgz",
      "integrity": "sha512-uEmtNhbDOrWPFS+hdjFCBfy9f2YoyzRpwcl+DqpC6taX21FzsTLQVbMV/W7PzNSX6x/bhC1zA3c2UQ5NzH6how==",
      "license": "MIT",
      "engines": {
        "node": "*"
      }
    },
    "node_modules/proper-lockfile": {
      "version": "1.2.0",
      "resolved": "https://registry.npmjs.org/proper-lockfile/-/proper-lockfile-1.2.0.tgz",
      "integrity": "sha512-YNjxtCoY3A+lohlLXWCYrHDhUdfU3MMnuC+ADhloDvJo586LKW23dPrjxGvRGuus05Amcf0cQy6vrjjtbJhWpw==",
      "license": "MIT",
      "dependencies": {
        "err-code": "^1.0.0",
        "extend": "^3.0.0",
        "graceful-fs": "^4.1.2",
        "retry": "^0.10.0"
      }
    },
    "node_modules/retry": {
      "version": "0.10.1",
      "resolved": "https://registry.npmjs.org/retry/-/retry-0.10.1.tgz",
      "integrity": "sha512-ZXUSQYTHdl3uS7IuCehYfMzKyIDBNoAuUblvy5oGO5UJSUTmStUUVPXbA9Qxd173Bgre53yCQczQuHgRWAdvJQ==",
      "license": "MIT",
      "engines": {
        "node": "*"
      }
    },
    "node_modules/unit-compare": {
      "version": "1.0.1",
      "resolved": "https://registry.npmjs.org/unit-compare/-/unit-compare-1.0.1.tgz",
      "integrity": "sha512-AeLMQr8gcen2WOTwV0Gvi1nKKbY4Mms79MoltZ6hrZV/VANgE/YQly3jtWZJA/fa9m4ajhynq3XMqh5rOyZclA==",
      "license": "ISC",
      "dependencies": {
        "moment": "^2.14.1"
      }
    },
    "node_modules/universalify": {
      "version": "2.0.1",
      "resolved": "https://registry.npmjs.org/universalify/-/universalify-2.0.1.tgz",
      "integrity": "sha512-gptHNQghINnc/vTGIk0SOFGFNXw7JVrlRUtConJRlvaw6DuX0wO5Jeko9sWrMBhh+PsYAZ7oXAiOnf/UKogyiw==",
      "license": "MIT",
      "engines": {
        "node": ">= 10.0.0"
      }
    },
    "node_modules/uuid": {
      "version": "8.3.2",
      "resolved": "https://registry.npmjs.org/uuid/-/uuid-8.3.2.tgz",
      "integrity": "sha512-+NYs2QeMWy+GWFOEm9xnn6HCDp0l7QBD7ml8zLUmJ+93Q5NF0NocErnwkTkXVFNiX3/fpC6afS8Dhb/gz7R7eg==",
      "deprecated": "uuid@10 and below is no longer supported.  For ESM codebases, update to uuid@latest.  For CommonJS codebases, use uuid@11 (but be aware this version will likely be deprecated in 2028).",
      "license": "MIT",
      "bin": {
        "uuid": "dist/bin/uuid"
      }
    }
  }
}
